// !$*UTF8*$!
{
	archiveVersion = 1;
	classes = {
	};
	objectVersion = 50;
	objects = {

/* Begin PBXBuildFile section */
		78C119F021466E22006A80E2 /* AppDelegate.swift in Sources */ = {isa = PBXBuildFile; fileRef = 78C119EF21466E22006A80E2 /* AppDelegate.swift */; };
		78C119F221466E22006A80E2 /* ViewController.swift in Sources */ = {isa = PBXBuildFile; fileRef = 78C119F121466E22006A80E2 /* ViewController.swift */; };
		78C119F421466E23006A80E2 /* Assets.xcassets in Resources */ = {isa = PBXBuildFile; fileRef = 78C119F321466E23006A80E2 /* Assets.xcassets */; };
		78C119F721466E23006A80E2 /* Main.storyboard in Resources */ = {isa = PBXBuildFile; fileRef = 78C119F521466E23006A80E2 /* Main.storyboard */; };
		78C11A0321466E23006A80E2 /* testTests.swift in Sources */ = {isa = PBXBuildFile; fileRef = 78C11A0221466E23006A80E2 /* testTests.swift */; };
		78C11A0E21466E23006A80E2 /* testUITests.swift in Sources */ = {isa = PBXBuildFile; fileRef = 78C11A0D21466E23006A80E2 /* testUITests.swift */; };
/* End PBXBuildFile section */

/* Begin PBXContainerItemProxy section */
		78C119FF21466E23006A80E2 /* PBXContainerItemProxy */ = {
			isa = PBXContainerItemProxy;
			containerPortal = 78C119E421466E22006A80E2 /* Project object */;
			proxyType = 1;
			remoteGlobalIDString = 78C119EB21466E22006A80E2;
			remoteInfo = test;
		};
		78C11A0A21466E23006A80E2 /* PBXContainerItemProxy */ = {
			isa = PBXContainerItemProxy;
			containerPortal = 78C119E421466E22006A80E2 /* Project object */;
			proxyType = 1;
			remoteGlobalIDString = 78C119EB21466E22006A80E2;
			remoteInfo = test;
		};
/* End PBXContainerItemProxy section */

/* Begin PBXFileReference section */
		78C119EC21466E22006A80E2 /* test.app */ = {isa = PBXFileReference; explicitFileType = wrapper.application; includeInIndex = 0; path = test.app; sourceTree = BUILT_PRODUCTS_DIR; };
		78C119EF21466E22006A80E2 /* AppDelegate.swift */ = {isa = PBXFileReference; lastKnownFileType = sourcecode.swift; path = AppDelegate.swift; sourceTree = "<group>"; };
		78C119F121466E22006A80E2 /* ViewController.swift */ = {isa = PBXFileReference; lastKnownFileType = sourcecode.swift; path = ViewController.swift; sourceTree = "<group>"; };
		78C119F321466E23006A80E2 /* Assets.xcassets */ = {isa = PBXFileReference; lastKnownFileType = folder.assetcatalog; path = Assets.xcassets; sourceTree = "<group>"; };
		78C119F621466E23006A80E2 /* Base */ = {isa = PBXFileReference; lastKnownFileType = file.storyboard; name = Base; path = Base.lproj/Main.storyboard; sourceTree = "<group>"; };
		78C119F821466E23006A80E2 /* Info.plist */ = {isa = PBXFileReference; lastKnownFileType = text.plist.xml; path = Info.plist; sourceTree = "<group>"; };
		78C119F921466E23006A80E2 /* test.entitlements */ = {isa = PBXFileReference; lastKnownFileType = text.plist.entitlements; path = test.entitlements; sourceTree = "<group>"; };
		78C119FE21466E23006A80E2 /* testTests.xctest */ = {isa = PBXFileReference; explicitFileType = wrapper.cfbundle; includeInIndex = 0; path = testTests.xctest; sourceTree = BUILT_PRODUCTS_DIR; };
		78C11A0221466E23006A80E2 /* testTests.swift */ = {isa = PBXFileReference; lastKnownFileType = sourcecode.swift; path = testTests.swift; sourceTree = "<group>"; };
		78C11A0421466E23006A80E2 /* Info.plist */ = {isa = PBXFileReference; lastKnownFileType = text.plist.xml; path = Info.plist; sourceTree = "<group>"; };
		78C11A0921466E23006A80E2 /* testUITests.xctest */ = {isa = PBXFileReference; explicitFileType = wrapper.cfbundle; includeInIndex = 0; path = testUITests.xctest; sourceTree = BUILT_PRODUCTS_DIR; };
		78C11A0D21466E23006A80E2 /* testUITests.swift */ = {isa = PBXFileReference; lastKnownFileType = sourcecode.swift; path = testUITests.swift; sourceTree = "<group>"; };
		78C11A0F21466E23006A80E2 /* Info.plist */ = {isa = PBXFileReference; lastKnownFileType = text.plist.xml; path = Info.plist; sourceTree = "<group>"; };
/* End PBXFileReference section */

/* Begin PBXFrameworksBuildPhase section */
		78C119E921466E22006A80E2 /* Frameworks */ = {
			isa = PBXFrameworksBuildPhase;
			buildActionMask = 2147483647;
			files = (
			);
			runOnlyForDeploymentPostprocessing = 0;
		};
		78C119FB21466E23006A80E2 /* Frameworks */ = {
			isa = PBXFrameworksBuildPhase;
			buildActionMask = 2147483647;
			files = (
			);
			runOnlyForDeploymentPostprocessing = 0;
		};
		78C11A0621466E23006A80E2 /* Frameworks */ = {
			isa = PBXFrameworksBuildPhase;
			buildActionMask = 2147483647;
			files = (
			);
			runOnlyForDeploymentPostprocessing = 0;
		};
/* End PBXFrameworksBuildPhase section */

/* Begin PBXGroup section */
		78C119E321466E22006A80E2 = {
			isa = PBXGroup;
			children = (
				78C119EE21466E22006A80E2 /* test */,
				78C11A0121466E23006A80E2 /* testTests */,
				78C11A0C21466E23006A80E2 /* testUITests */,
				78C119ED21466E22006A80E2 /* Products */,
			);
			sourceTree = "<group>";
		};
		78C119ED21466E22006A80E2 /* Products */ = {
			isa = PBXGroup;
			children = (
				78C119EC21466E22006A80E2 /* test.app */,
				78C119FE21466E23006A80E2 /* testTests.xctest */,
				78C11A0921466E23006A80E2 /* testUITests.xctest */,
			);
			name = Products;
			sourceTree = "<group>";
		};
		78C119EE21466E22006A80E2 /* test */ = {
			isa = PBXGroup;
			children = (
				78C119EF21466E22006A80E2 /* AppDelegate.swift */,
				78C119F121466E22006A80E2 /* ViewController.swift */,
				78C119F321466E23006A80E2 /* Assets.xcassets */,
				78C119F521466E23006A80E2 /* Main.storyboard */,
				78C119F821466E23006A80E2 /* Info.plist */,
				78C119F921466E23006A80E2 /* test.entitlements */,
			);
			path = test;
			sourceTree = "<group>";
		};
		78C11A0121466E23006A80E2 /* testTests */ = {
			isa = PBXGroup;
			children = (
				78C11A0221466E23006A80E2 /* testTests.swift */,
				78C11A0421466E23006A80E2 /* Info.plist */,
			);
			path = testTests;
			sourceTree = "<group>";
		};
		78C11A0C21466E23006A80E2 /* testUITests */ = {
			isa = PBXGroup;
			children = (
				78C11A0D21466E23006A80E2 /* testUITests.swift */,
				78C11A0F21466E23006A80E2 /* Info.plist */,
			);
			path = testUITests;
			sourceTree = "<group>";
		};
/* End PBXGroup section */

/* Begin PBXNativeTarget section */
		78C119EB21466E22006A80E2 /* test */ = {
			isa = PBXNativeTarget;
			buildConfigurationList = 78C11A1221466E23006A80E2 /* Build configuration list for PBXNativeTarget "test" */;
			buildPhases = (
				78C119E821466E22006A80E2 /* Sources */,
				78C119E921466E22006A80E2 /* Frameworks */,
				78C119EA21466E22006A80E2 /* Resources */,
			);
			buildRules = (
			);
			dependencies = (
			);
			name = test;
			productName = test;
			productReference = 78C119EC21466E22006A80E2 /* test.app */;
			productType = "com.apple.product-type.application";
		};
		78C119FD21466E23006A80E2 /* testTests */ = {
			isa = PBXNativeTarget;
			buildConfigurationList = 78C11A1521466E23006A80E2 /* Build configuration list for PBXNativeTarget "testTests" */;
			buildPhases = (
				78C119FA21466E23006A80E2 /* Sources */,
				78C119FB21466E23006A80E2 /* Frameworks */,
				78C119FC21466E23006A80E2 /* Resources */,
			);
			buildRules = (
			);
			dependencies = (
				78C11A0021466E23006A80E2 /* PBXTargetDependency */,
			);
			name = testTests;
			productName = testTests;
			productReference = 78C119FE21466E23006A80E2 /* testTests.xctest */;
			productType = "com.apple.product-type.bundle.unit-test";
		};
		78C11A0821466E23006A80E2 /* testUITests */ = {
			isa = PBXNativeTarget;
			buildConfigurationList = 78C11A1821466E23006A80E2 /* Build configuration list for PBXNativeTarget "testUITests" */;
			buildPhases = (
				78C11A0521466E23006A80E2 /* Sources */,
				78C11A0621466E23006A80E2 /* Frameworks */,
				78C11A0721466E23006A80E2 /* Resources */,
			);
			buildRules = (
			);
			dependencies = (
				78C11A0B21466E23006A80E2 /* PBXTargetDependency */,
			);
			name = testUITests;
			productName = testUITests;
			productReference = 78C11A0921466E23006A80E2 /* testUITests.xctest */;
			productType = "com.apple.product-type.bundle.ui-testing";
		};
/* End PBXNativeTarget section */

/* Begin PBXProject section */
		78C119E421466E22006A80E2 /* Project object */ = {
			isa = PBXProject;
			attributes = {
				LastSwiftUpdateCheck = 0940;
				LastUpgradeCheck = 0940;
				ORGANIZATIONNAME = Hzx;
				TargetAttributes = {
					78C119EB21466E22006A80E2 = {
						CreatedOnToolsVersion = 9.4;
					};
					78C119FD21466E23006A80E2 = {
						CreatedOnToolsVersion = 9.4;
						TestTargetID = 78C119EB21466E22006A80E2;
					};
					78C11A0821466E23006A80E2 = {
						CreatedOnToolsVersion = 9.4;
						TestTargetID = 78C119EB21466E22006A80E2;
					};
				};
			};
			buildConfigurationList = 78C119E721466E22006A80E2 /* Build configuration list for PBXProject "test" */;
			compatibilityVersion = "Xcode 9.3";
			developmentRegion = en;
			hasScannedForEncodings = 0;
			knownRegions = (
				en,
				Base,
			);
			mainGroup = 78C119E321466E22006A80E2;
			productRefGroup = 78C119ED21466E22006A80E2 /* Products */;
			projectDirPath = "";
			projectRoot = "";
			targets = (
				78C119EB21466E22006A80E2 /* test */,
				78C119FD21466E23006A80E2 /* testTests */,
				78C11A0821466E23006A80E2 /* testUITests */,
			);
		};
/* End PBXProject section */

/* Begin PBXResourcesBuildPhase section */
		78C119EA21466E22006A80E2 /* Resources */ = {
			isa = PBXResourcesBuildPhase;
			buildActionMask = 2147483647;
			files = (
				78C119F421466E23006A80E2 /* Assets.xcassets in Resources */,
				78C119F721466E23006A80E2 /* Main.storyboard in Resources */,
			);
			runOnlyForDeploymentPostprocessing = 0;
		};
		78C119FC21466E23006A80E2 /* Resources */ = {
			isa = PBXResourcesBuildPhase;
			buildActionMask = 2147483647;
			files = (
			);
			runOnlyForDeploymentPostprocessing = 0;
		};
		78C11A0721466E23006A80E2 /* Resources */ = {
			isa = PBXResourcesBuildPhase;
			buildActionMask = 2147483647;
			files = (
			);
			runOnlyForDeploymentPostprocessing = 0;
		};
/* End PBXResourcesBuildPhase section */

/* Begin PBXSourcesBuildPhase section */
		78C119E821466E22006A80E2 /* Sources */ = {
			isa = PBXSourcesBuildPhase;
			buildActionMask = 2147483647;
			files = (
				78C119F221466E22006A80E2 /* ViewController.swift in Sources */,
				78C119F021466E22006A80E2 /* AppDelegate.swift in Sources */,
			);
			runOnlyForDeploymentPostprocessing = 0;
		};
		78C119FA21466E23006A80E2 /* Sources */ = {
			isa = PBXSourcesBuildPhase;
			buildActionMask = 2147483647;
			files = (
				78C11A0321466E23006A80E2 /* testTests.swift in Sources */,
			);
			runOnlyForDeploymentPostprocessing = 0;
		};
		78C11A0521466E23006A80E2 /* Sources */ = {
			isa = PBXSourcesBuildPhase;
			buildActionMask = 2147483647;
			files = (
				78C11A0E21466E23006A80E2 /* testUITests.swift in Sources */,
			);
			runOnlyForDeploymentPostprocessing = 0;
		};
/* End PBXSourcesBuildPhase section */

/* Begin PBXTargetDependency section */
		78C11A0021466E23006A80E2 /* PBXTargetDependency */ = {
			isa = PBXTargetDependency;
			target = 78C119EB21466E22006A80E2 /* test */;
			targetProxy = 78C119FF21466E23006A80E2 /* PBXContainerItemProxy */;
		};
		78C11A0B21466E23006A80E2 /* PBXTargetDependency */ = {
			isa = PBXTargetDependency;
			target = 78C119EB21466E22006A80E2 /* test */;
			targetProxy = 78C11A0A21466E23006A80E2 /* PBXContainerItemProxy */;
		};
/* End PBXTargetDependency section */

/* Begin PBXVariantGroup section */
		78C119F521466E23006A80E2 /* Main.storyboard */ = {
			isa = PBXVariantGroup;
			children = (
				78C119F621466E23006A80E2 /* Base */,
			);
			name = Main.storyboard;
			sourceTree = "<group>";
		};
/* End PBXVariantGroup section */

/* Begin XCBuildConfiguration section */
		78C11A1021466E23006A80E2 /* Debug */ = {
			isa = XCBuildConfiguration;
			buildSettings = {
				ALWAYS_SEARCH_USER_PATHS = NO;
				CLANG_ANALYZER_NONNULL = YES;
				CLANG_ANALYZER_NUMBER_OBJECT_CONVERSION = YES_AGGRESSIVE;
				CLANG_CXX_LANGUAGE_STANDARD = "gnu++14";
				CLANG_CXX_LIBRARY = "libc++";
				CLANG_ENABLE_MODULES = YES;
				CLANG_ENABLE_OBJC_ARC = YES;
				CLANG_ENABLE_OBJC_WEAK = YES;
				CLANG_WARN_BLOCK_CAPTURE_AUTORELEASING = YES;
				CLANG_WARN_BOOL_CONVERSION = YES;
				CLANG_WARN_COMMA = YES;
				CLANG_WARN_CONSTANT_CONVERSION = YES;
				CLANG_WARN_DEPRECATED_OBJC_IMPLEMENTATIONS = YES;
				CLANG_WARN_DIRECT_OBJC_ISA_USAGE = YES_ERROR;
				CLANG_WARN_DOCUMENTATION_COMMENTS = YES;
				CLANG_WARN_EMPTY_BODY = YES;
				CLANG_WARN_ENUM_CONVERSION = YES;
				CLANG_WARN_INFINITE_RECURSION = YES;
				CLANG_WARN_INT_CONVERSION = YES;
				CLANG_WARN_NON_LITERAL_NULL_CONVERSION = YES;
				CLANG_WARN_OBJC_IMPLICIT_RETAIN_SELF = YES;
				CLANG_WARN_OBJC_LITERAL_CONVERSION = YES;
				CLANG_WARN_OBJC_ROOT_CLASS = YES_ERROR;
				CLANG_WARN_RANGE_LOOP_ANALYSIS = YES;
				CLANG_WARN_STRICT_PROTOTYPES = YES;
				CLANG_WARN_SUSPICIOUS_MOVE = YES;
				CLANG_WARN_UNGUARDED_AVAILABILITY = YES_AGGRESSIVE;
				CLANG_WARN_UNREACHABLE_CODE = YES;
				CLANG_WARN__DUPLICATE_METHOD_MATCH = YES;
				CODE_SIGN_IDENTITY = "-";
				COPY_PHASE_STRIP = NO;
				DEBUG_INFORMATION_FORMAT = dwarf;
				ENABLE_STRICT_OBJC_MSGSEND = YES;
				ENABLE_TESTABILITY = YES;
				GCC_C_LANGUAGE_STANDARD = gnu11;
				GCC_DYNAMIC_NO_PIC = NO;
				GCC_NO_COMMON_BLOCKS = YES;
				GCC_OPTIMIZATION_LEVEL = 0;
				GCC_PREPROCESSOR_DEFINITIONS = (
					"DEBUG=1",
					"$(inherited)",
				);
				GCC_WARN_64_TO_32_BIT_CONVERSION = YES;
				GCC_WARN_ABOUT_RETURN_TYPE = YES_ERROR;
				GCC_WARN_UNDECLARED_SELECTOR = YES;
				GCC_WARN_UNINITIALIZED_AUTOS = YES_AGGRESSIVE;
				GCC_WARN_UNUSED_FUNCTION = YES;
				GCC_WARN_UNUSED_VARIABLE = YES;
				MACOSX_DEPLOYMENT_TARGET = 10.13;
				MTL_ENABLE_DEBUG_INFO = YES;
				ONLY_ACTIVE_ARCH = YES;
				SDKROOT = macosx;
				SWIFT_ACTIVE_COMPILATION_CONDITIONS = DEBUG;
				SWIFT_OPTIMIZATION_LEVEL = "-Onone";
			};
			name = Debug;
		};
		78C11A1121466E23006A80E2 /* Release */ = {
			isa = XCBuildConfiguration;
			buildSettings = {
				ALWAYS_SEARCH_USER_PATHS = NO;
				CLANG_ANALYZER_NONNULL = YES;
				CLANG_ANALYZER_NUMBER_OBJECT_CONVERSION = YES_AGGRESSIVE;
				CLANG_CXX_LANGUAGE_STANDARD = "gnu++14";
				CLANG_CXX_LIBRARY = "libc++";
				CLANG_ENABLE_MODULES = YES;
				CLANG_ENABLE_OBJC_ARC = YES;
				CLANG_ENABLE_OBJC_WEAK = YES;
				CLANG_WARN_BLOCK_CAPTURE_AUTORELEASING = YES;
				CLANG_WARN_BOOL_CONVERSION = YES;
				CLANG_WARN_COMMA = YES;
				CLANG_WARN_CONSTANT_CONVERSION = YES;
				CLANG_WARN_DEPRECATED_OBJC_IMPLEMENTATIONS = YES;
				CLANG_WARN_DIRECT_OBJC_ISA_USAGE = YES_ERROR;
				CLANG_WARN_DOCUMENTATION_COMMENTS = YES;
				CLANG_WARN_EMPTY_BODY = YES;
				CLANG_WARN_ENUM_CONVERSION = YES;
				CLANG_WARN_INFINITE_RECURSION = YES;
				CLANG_WARN_INT_CONVERSION = YES;
				CLANG_WARN_NON_LITERAL_NULL_CONVERSION = YES;
				CLANG_WARN_OBJC_IMPLICIT_RETAIN_SELF = YES;
				CLANG_WARN_OBJC_LITERAL_CONVERSION = YES;
				CLANG_WARN_OBJC_ROOT_CLASS = YES_ERROR;
				CLANG_WARN_RANGE_LOOP_ANALYSIS = YES;
				CLANG_WARN_STRICT_PROTOTYPES = YES;
				CLANG_WARN_SUSPICIOUS_MOVE = YES;
				CLANG_WARN_UNGUARDED_AVAILABILITY = YES_AGGRESSIVE;
				CLANG_WARN_UNREACHABLE_CODE = YES;
				CLANG_WARN__DUPLICATE_METHOD_MATCH = YES;
				CODE_SIGN_IDENTITY = "-";
				COPY_PHASE_STRIP = NO;
				DEBUG_INFORMATION_FORMAT = "dwarf-with-dsym";
				ENABLE_NS_ASSERTIONS = NO;
				ENABLE_STRICT_OBJC_MSGSEND = YES;
				GCC_C_LANGUAGE_STANDARD = gnu11;
				GCC_NO_COMMON_BLOCKS = YES;
				GCC_WARN_64_TO_32_BIT_CONVERSION = YES;
				GCC_WARN_ABOUT_RETURN_TYPE = YES_ERROR;
				GCC_WARN_UNDECLARED_SELECTOR = YES;
				GCC_WARN_UNINITIALIZED_AUTOS = YES_AGGRESSIVE;
				GCC_WARN_UNUSED_FUNCTION = YES;
				GCC_WARN_UNUSED_VARIABLE = YES;
				MACOSX_DEPLOYMENT_TARGET = 10.13;
				MTL_ENABLE_DEBUG_INFO = NO;
				SDKROOT = macosx;
				SWIFT_COMPILATION_MODE = wholemodule;
				SWIFT_OPTIMIZATION_LEVEL = "-O";
			};
			name = Release;
		};
		78C11A1321466E23006A80E2 /* Debug */ = {
			isa = XCBuildConfiguration;
			buildSettings = {
				ASSETCATALOG_COMPILER_APPICON_NAME = AppIcon;
				CODE_SIGN_ENTITLEMENTS = test/test.entitlements;
				CODE_SIGN_STYLE = Automatic;
				COMBINE_HIDPI_IMAGES = YES;
				INFOPLIST_FILE = test/Info.plist;
				LD_RUNPATH_SEARCH_PATHS = (
					"$(inherited)",
					"@executable_path/../Frameworks",
				);
				PRODUCT_BUNDLE_IDENTIFIER = testc.test;
				PRODUCT_NAME = "$(TARGET_NAME)";
				SWIFT_VERSION = 4.0;
			};
			name = Debug;
		};
		78C11A1421466E23006A80E2 /* Release */ = {
			isa = XCBuildConfiguration;
			buildSettings = {
				ASSETCATALOG_COMPILER_APPICON_NAME = AppIcon;
				CODE_SIGN_ENTITLEMENTS = test/test.entitlements;
				CODE_SIGN_STYLE = Automatic;
				COMBINE_HIDPI_IMAGES = YES;
				INFOPLIST_FILE = test/Info.plist;
				LD_RUNPATH_SEARCH_PATHS = (
					"$(inherited)",
					"@executable_path/../Frameworks",
				);
				PRODUCT_BUNDLE_IDENTIFIER = testc.test;
				PRODUCT_NAME = "$(TARGET_NAME)";
				SWIFT_VERSION = 4.0;
			};
			name = Release;
		};
		78C11A1621466E23006A80E2 /* Debug */ = {
			isa = XCBuildConfiguration;
			buildSettings = {
				ALWAYS_EMBED_SWIFT_STANDARD_LIBRARIES = YES;
				BUNDLE_LOADER = "$(TEST_HOST)";
				CODE_SIGN_STYLE = Automatic;
				COMBINE_HIDPI_IMAGES = YES;
				INFOPLIST_FILE = testTests/Info.plist;
				LD_RUNPATH_SEARCH_PATHS = (
					"$(inherited)",
					"@executable_path/../Frameworks",
					"@loader_path/../Frameworks",
				);
				PRODUCT_BUNDLE_IDENTIFIER = testc.testTests;
				PRODUCT_NAME = "$(TARGET_NAME)";
				SWIFT_VERSION = 4.0;
				TEST_HOST = "$(BUILT_PRODUCTS_DIR)/test.app/Contents/MacOS/test";
			};
			name = Debug;
		};
		78C11A1721466E23006A80E2 /* Release */ = {
			isa = XCBuildConfiguration;
			buildSettings = {
				ALWAYS_EMBED_SWIFT_STANDARD_LIBRARIES = YES;
				BUNDLE_LOADER = "$(TEST_HOST)";
				CODE_SIGN_STYLE = Automatic;
				COMBINE_HIDPI_IMAGES = YES;
				INFOPLIST_FILE = testTests/Info.plist;
				LD_RUNPATH_SEARCH_PATHS = (
					"$(inherited)",
					"@executable_path/../Frameworks",
					"@loader_path/../Frameworks",
				);
				PRODUCT_BUNDLE_IDENTIFIER = testc.testTests;
				PRODUCT_NAME = "$(TARGET_NAME)";
				SWIFT_VERSION = 4.0;
				TEST_HOST = "$(BUILT_PRODUCTS_DIR)/test.app/Contents/MacOS/test";
			};
			name = Release;
		};
		78C11A1921466E23006A80E2 /* Debug */ = {
			isa = XCBuildConfiguration;
			buildSettings = {
				ALWAYS_EMBED_SWIFT_STANDARD_LIBRARIES = YES;
				CODE_SIGN_STYLE = Automatic;
				COMBINE_HIDPI_IMAGES = YES;
				INFOPLIST_FILE = testUITests/Info.plist;
				LD_RUNPATH_SEARCH_PATHS = (
					"$(inherited)",
					"@executable_path/../Frameworks",
					"@loader_path/../Frameworks",
				);
				PRODUCT_BUNDLE_IDENTIFIER = testc.testUITests;
				PRODUCT_NAME = "$(TARGET_NAME)";
				SWIFT_VERSION = 4.0;
				TEST_TARGET_NAME = test;
			};
			name = Debug;
		};
		78C11A1A21466E23006A80E2 /* Release */ = {
			isa = XCBuildConfiguration;
			buildSettings = {
				ALWAYS_EMBED_SWIFT_STANDARD_LIBRARIES = YES;
				CODE_SIGN_STYLE = Automatic;
				COMBINE_HIDPI_IMAGES = YES;
				INFOPLIST_FILE = testUITests/Info.plist;
				LD_RUNPATH_SEARCH_PATHS = (
					"$(inherited)",
					"@executable_path/../Frameworks",
					"@loader_path/../Frameworks",
				);
				PRODUCT_BUNDLE_IDENTIFIER = testc.testUITests;
				PRODUCT_NAME = "$(TARGET_NAME)";
				SWIFT_VERSION = 4.0;
				TEST_TARGET_NAME = test;
			};
			name = Release;
		};
/* End XCBuildConfiguration section */

/* Begin XCConfigurationList section */
		78C119E721466E22006A80E2 /* Build configuration list for PBXProject "test" */ = {
			isa = XCConfigurationList;
			buildConfigurations = (
				78C11A1021466E23006A80E2 /* Debug */,
				78C11A1121466E23006A80E2 /* Release */,
			);
			defaultConfigurationIsVisible = 0;
			defaultConfigurationName = Release;
		};
		78C11A1221466E23006A80E2 /* Build configuration list for PBXNativeTarget "test" */ = {
			isa = XCConfigurationList;
			buildConfigurations = (
				78C11A1321466E23006A80E2 /* Debug */,
				78C11A1421466E23006A80E2 /* Release */,
			);
			defaultConfigurationIsVisible = 0;
			defaultConfigurationName = Release;
		};
		78C11A1521466E23006A80E2 /* Build configuration list for PBXNativeTarget "testTests" */ = {
			isa = XCConfigurationList;
			buildConfigurations = (
				78C11A1621466E23006A80E2 /* Debug */,
				78C11A1721466E23006A80E2 /* Release */,
			);
			defaultConfigurationIsVisible = 0;
			defaultConfigurationName = Release;
		};
		78C11A1821466E23006A80E2 /* Build configuration list for PBXNativeTarget "testUITests" */ = {
			isa = XCConfigurationList;
			buildConfigurations = (
				78C11A1921466E23006A80E2 /* Debug */,
				78C11A1A21466E23006A80E2 /* Release */,
			);
			defaultConfigurationIsVisible = 0;
			defaultConfigurationName = Release;
		};
/* End XCConfigurationList section */
	};
	rootObject = 78C119E421466E22006A80E2 /* Project object */;
}
